
Microsoft Visual Studio Solution File, Format Version 12.00
# Visual Studio Version 17
VisualStudioVersion = 17.11.35222.181
MinimumVisualStudioVersion = 10.0.40219.1
Project("{9A19103F-16F7-4668-BE54-9A1E7A4F7556}") = "CV Manager", "CV Manager.csproj", "{7E9476F8-6503-4877-8DA9-D12E22EE9B7F}"
EndProject
Project("{FAE04EC0-301F-11D3-BF4B-00C04F79EFBC}") = "CV Manager Test", "..\CV Manager Test\CV Manager Test.csproj", "{978F5D2C-E5BC-4ABC-B104-676C38FB8EED}"
EndProject
Global
	GlobalSection(SolutionConfigurationPlatforms) = preSolution
		Debug|Any CPU = Debug|Any CPU
		Release|Any CPU = Release|Any CPU
	EndGlobalSection
	GlobalSection(ProjectConfigurationPlatforms) = postSolution
		{7E9476F8-6503-4877-8DA9-D12E22EE9B7F}.Debug|Any CPU.ActiveCfg = Debug|Any CPU
		{7E9476F8-6503-4877-8DA9-D12E22EE9B7F}.Debug|Any CPU.Build.0 = Debug|Any CPU
		{7E9476F8-6503-4877-8DA9-D12E22EE9B7F}.Release|Any CPU.ActiveCfg = Release|Any CPU
		{7E9476F8-6503-4877-8DA9-D12E22EE9B7F}.Release|Any CPU.Build.0 = Release|Any CPU
		{978F5D2C-E5BC-4ABC-B104-676C38FB8EED}.Debug|Any CPU.ActiveCfg = Debug|Any CPU
		{978F5D2C-E5BC-4ABC-B104-676C38FB8EED}.Debug|Any CPU.Build.0 = Debug|Any CPU
		{978F5D2C-E5BC-4ABC-B104-676C38FB8EED}.Release|Any CPU.ActiveCfg = Release|Any CPU
		{978F5D2C-E5BC-4ABC-B104-676C38FB8EED}.Release|Any CPU.Build.0 = Release|Any CPU
	EndGlobalSection
	GlobalSection(SolutionProperties) = preSolution
		HideSolutionNode = FALSE
	EndGlobalSection
	GlobalSection(ExtensibilityGlobals) = postSolution
		SolutionGuid = {493FB519-91BC-4296-B3C4-D516AB767FA2}
	EndGlobalSection
EndGlobal
